
Microsoft Visual Studio Solution File, Format Version 12.00
# Visual Studio Version 16
VisualStudioVersion = 16.0.30413.136
MinimumVisualStudioVersion = 10.0.40219.1
Project("{FAE04EC0-301F-11D3-BF4B-00C04F79EFBC}") = "Database CW", "Database CW\Database CW.csproj", "{367D5EC6-3385-4866-8A1E-E1A4C7B4F66E}"
EndProject
Global
	GlobalSection(SolutionConfigurationPlatforms) = preSolution
		Debug|Any CPU = Debug|Any CPU
		Release|Any CPU = Release|Any CPU
	EndGlobalSection
	GlobalSection(ProjectConfigurationPlatforms) = postSolution
		{367D5EC6-3385-4866-8A1E-E1A4C7B4F66E}.Debug|Any CPU.ActiveCfg = Debug|Any CPU
		{367D5EC6-3385-4866-8A1E-E1A4C7B4F66E}.Debug|Any CPU.Build.0 = Debug|Any CPU
		{367D5EC6-3385-4866-8A1E-E1A4C7B4F66E}.Release|Any CPU.ActiveCfg = Release|Any CPU
		{367D5EC6-3385-4866-8A1E-E1A4C7B4F66E}.Release|Any CPU.Build.0 = Release|Any CPU
	EndGlobalSection
	GlobalSection(SolutionProperties) = preSolution
		HideSolutionNode = FALSE
	EndGlobalSection
	GlobalSection(ExtensibilityGlobals) = postSolution
		SolutionGuid = {AE09291A-B98E-406F-B98E-1FDCEE9A5B67}
	EndGlobalSection
EndGlobal
